
Microsoft Visual Studio Solution File, Format Version 12.00
# Visual Studio Version 16
VisualStudioVersion = 16.0.30320.27
MinimumVisualStudioVersion = 10.0.40219.1
Project("{FAE04EC0-301F-11D3-BF4B-00C04F79EFBC}") = "_(WM)_OSTW", "_(WM)_OSTW\_(WM)_OSTW.csproj", "{5678481D-A39A-4E87-9E50-38A62B16D76B}"
EndProject
Global
	GlobalSection(SolutionConfigurationPlatforms) = preSolution
		Debug|Any CPU = Debug|Any CPU
		Release|Any CPU = Release|Any CPU
	EndGlobalSection
	GlobalSection(ProjectConfigurationPlatforms) = postSolution
		{5678481D-A39A-4E87-9E50-38A62B16D76B}.Debug|Any CPU.ActiveCfg = Debug|Any CPU
		{5678481D-A39A-4E87-9E50-38A62B16D76B}.Debug|Any CPU.Build.0 = Debug|Any CPU
		{5678481D-A39A-4E87-9E50-38A62B16D76B}.Release|Any CPU.ActiveCfg = Release|Any CPU
		{5678481D-A39A-4E87-9E50-38A62B16D76B}.Release|Any CPU.Build.0 = Release|Any CPU
	EndGlobalSection
	GlobalSection(SolutionProperties) = preSolution
		HideSolutionNode = FALSE
	EndGlobalSection
	GlobalSection(ExtensibilityGlobals) = postSolution
		SolutionGuid = {61B21EEE-1AD6-4E42-AE9F-FDC6B90AD3AB}
	EndGlobalSection
EndGlobal
